// !$*UTF8*$!
{
	archiveVersion = 1;
	classes = {
	};
	objectVersion = 46;
	objects = {

/* Begin PBXBuildFile section */
		6713193713D0008B00F29AF4 /* MilestoneViewController.m in Sources */ = {isa = PBXBuildFile; fileRef = 6713192F13D0008B00F29AF4 /* MilestoneViewController.m */; };
		6713193813D0008B00F29AF4 /* MilestoneViewController.xib in Resources */ = {isa = PBXBuildFile; fileRef = 6713193013D0008B00F29AF4 /* MilestoneViewController.xib */; };
		6713193913D0008B00F29AF4 /* CategoryDetailViewController.m in Sources */ = {isa = PBXBuildFile; fileRef = 6713193213D0008B00F29AF4 /* CategoryDetailViewController.m */; };
		6713193A13D0008B00F29AF4 /* CategoryDetailViewController.xib in Resources */ = {isa = PBXBuildFile; fileRef = 6713193313D0008B00F29AF4 /* CategoryDetailViewController.xib */; };
		6713193B13D0008B00F29AF4 /* AddCategoryViewController.m in Sources */ = {isa = PBXBuildFile; fileRef = 6713193513D0008B00F29AF4 /* AddCategoryViewController.m */; };
		6713193C13D0008B00F29AF4 /* AddCategoryViewController.xib in Resources */ = {isa = PBXBuildFile; fileRef = 6713193613D0008B00F29AF4 /* AddCategoryViewController.xib */; };
		6718248513BE1A0D00443C08 /* UIKit.framework in Frameworks */ = {isa = PBXBuildFile; fileRef = 6718248413BE1A0D00443C08 /* UIKit.framework */; };
		6718248713BE1A0D00443C08 /* Foundation.framework in Frameworks */ = {isa = PBXBuildFile; fileRef = 6718248613BE1A0D00443C08 /* Foundation.framework */; };
		6718248913BE1A0D00443C08 /* CoreGraphics.framework in Frameworks */ = {isa = PBXBuildFile; fileRef = 6718248813BE1A0D00443C08 /* CoreGraphics.framework */; };
		6718248F13BE1A0D00443C08 /* InfoPlist.strings in Resources */ = {isa = PBXBuildFile; fileRef = 6718248D13BE1A0D00443C08 /* InfoPlist.strings */; };
		6718249113BE1A0D00443C08 /* main.m in Sources */ = {isa = PBXBuildFile; fileRef = 6718249013BE1A0D00443C08 /* main.m */; };
		671824A413BE1AC700443C08 /* AccountManager.m in Sources */ = {isa = PBXBuildFile; fileRef = 671824A313BE1AC700443C08 /* AccountManager.m */; };
		6758102913D0136300EA6969 /* LoginViewController.m in Sources */ = {isa = PBXBuildFile; fileRef = 6758102713D0136300EA6969 /* LoginViewController.m */; };
		6758102C13D01C3A00EA6969 /* LoginViewController.xib in Resources */ = {isa = PBXBuildFile; fileRef = 6758102B13D01C3A00EA6969 /* LoginViewController.xib */; };
		6758103613D024CF00EA6969 /* Keyword.m in Sources */ = {isa = PBXBuildFile; fileRef = 6758103513D024CF00EA6969 /* Keyword.m */; };
		6758103913D024D000EA6969 /* Timetable.m in Sources */ = {isa = PBXBuildFile; fileRef = 6758103813D024D000EA6969 /* Timetable.m */; };
		6758104513D024D000EA6969 /* DescriptionWords.m in Sources */ = {isa = PBXBuildFile; fileRef = 6758104413D024D000EA6969 /* DescriptionWords.m */; };
		6758104813D024D100EA6969 /* ModuleClass.m in Sources */ = {isa = PBXBuildFile; fileRef = 6758104713D024D100EA6969 /* ModuleClass.m */; };
		6758104B13D024D100EA6969 /* CodeWords.m in Sources */ = {isa = PBXBuildFile; fileRef = 6758104A13D024D100EA6969 /* CodeWords.m */; };
		6758104E13D024D100EA6969 /* TitleWords.m in Sources */ = {isa = PBXBuildFile; fileRef = 6758104D13D024D100EA6969 /* TitleWords.m */; };
		6758105113D024D100EA6969 /* ModuleClassDetail.m in Sources */ = {isa = PBXBuildFile; fileRef = 6758105013D024D100EA6969 /* ModuleClassDetail.m */; };
		6758105B13D0416300EA6969 /* User.m in Sources */ = {isa = PBXBuildFile; fileRef = 6758105A13D0416300EA6969 /* User.m */; };
		6758105E13D0416500EA6969 /* AcademicPeriod.m in Sources */ = {isa = PBXBuildFile; fileRef = 6758105D13D0416400EA6969 /* AcademicPeriod.m */; };
		6758106A13D0738900EA6969 /* AcademicProgressViewController.m in Sources */ = {isa = PBXBuildFile; fileRef = 6758106813D0738600EA6969 /* AcademicProgressViewController.m */; };
		6758106B13D0738900EA6969 /* AcademicProgressViewController.xib in Resources */ = {isa = PBXBuildFile; fileRef = 6758106913D0738800EA6969 /* AcademicProgressViewController.xib */; };
		6758107A13D1381D00EA6969 /* Module.m in Sources */ = {isa = PBXBuildFile; fileRef = 6758107913D1381C00EA6969 /* Module.m */; };
		6758107D13D1381E00EA6969 /* Categories.m in Sources */ = {isa = PBXBuildFile; fileRef = 6758107C13D1381E00EA6969 /* Categories.m */; };
		6758108113D13BA500EA6969 /* SearchViewController.m in Sources */ = {isa = PBXBuildFile; fileRef = 6758108013D13BA500EA6969 /* SearchViewController.m */; };
		6758108A13D1446200EA6969 /* AddModuleViewController.m in Sources */ = {isa = PBXBuildFile; fileRef = 6758108813D1444100EA6969 /* AddModuleViewController.m */; };
		6758108B13D1446200EA6969 /* AddModuleViewController.xib in Resources */ = {isa = PBXBuildFile; fileRef = 6758108913D1444300EA6969 /* AddModuleViewController.xib */; };
		676736B81400EB1300CA4719 /* ModuleListViewController(iPhone).m in Sources */ = {isa = PBXBuildFile; fileRef = 676736B61400EB1300CA4719 /* ModuleListViewController(iPhone).m */; };
		676736B91400EB1300CA4719 /* ModuleListViewController(iPhone).xib in Resources */ = {isa = PBXBuildFile; fileRef = 676736B71400EB1300CA4719 /* ModuleListViewController(iPhone).xib */; };
		6772ED8513DC55D400DB129A /* NUS Mod.sqlite in Resources */ = {isa = PBXBuildFile; fileRef = 6772ED8413DC55D400DB129A /* NUS Mod.sqlite */; };
		677A3D4513C1914000A20041 /* ModuleManager.m in Sources */ = {isa = PBXBuildFile; fileRef = 677A3D4413C1914000A20041 /* ModuleManager.m */; };
		678536A613D20082003F753E /* SearchViewController.xib in Resources */ = {isa = PBXBuildFile; fileRef = 678536A513D20082003F753E /* SearchViewController.xib */; };
		678536AA13D2018F003F753E /* ClassView.m in Sources */ = {isa = PBXBuildFile; fileRef = 678536A813D2018F003F753E /* ClassView.m */; };
		678536AB13D2018F003F753E /* ClassView.xib in Resources */ = {isa = PBXBuildFile; fileRef = 678536A913D2018F003F753E /* ClassView.xib */; };
		678536B913D20290003F753E /* WeekViewController.m in Sources */ = {isa = PBXBuildFile; fileRef = 678536AF13D20290003F753E /* WeekViewController.m */; };
		678536BA13D20290003F753E /* WeekViewController.xib in Resources */ = {isa = PBXBuildFile; fileRef = 678536B013D20290003F753E /* WeekViewController.xib */; };
		678536BB13D20290003F753E /* EventView.m in Sources */ = {isa = PBXBuildFile; fileRef = 678536B213D20290003F753E /* EventView.m */; };
		678536BC13D20290003F753E /* ZSVerticalGridView.m in Sources */ = {isa = PBXBuildFile; fileRef = 678536B413D20290003F753E /* ZSVerticalGridView.m */; };
		678536BD13D20290003F753E /* TimelineLabelView.m in Sources */ = {isa = PBXBuildFile; fileRef = 678536B613D20290003F753E /* TimelineLabelView.m */; };
		678536BE13D20290003F753E /* ZSHorizontalGridView.m in Sources */ = {isa = PBXBuildFile; fileRef = 678536B813D20290003F753E /* ZSHorizontalGridView.m */; };
		678536C513D203E4003F753E /* NUS_ModAppDelegate.m in Sources */ = {isa = PBXBuildFile; fileRef = 678536C413D203E4003F753E /* NUS_ModAppDelegate.m */; };
		678536C913D2048C003F753E /* MainViewController.m in Sources */ = {isa = PBXBuildFile; fileRef = 678536C713D2048C003F753E /* MainViewController.m */; };
		678536CA13D2048C003F753E /* MainViewController.xib in Resources */ = {isa = PBXBuildFile; fileRef = 678536C813D2048C003F753E /* MainViewController.xib */; };
		67FA75A413BF9B8E002C6BA1 /* NUS Mod.xcdatamodeld in Sources */ = {isa = PBXBuildFile; fileRef = 67FA75A213BF9B8E002C6BA1 /* NUS Mod.xcdatamodeld */; };
		67FA75EF13C03F10002C6BA1 /* CoreData.framework in Frameworks */ = {isa = PBXBuildFile; fileRef = 67FA75EE13C03F10002C6BA1 /* CoreData.framework */; };
		67FA760513C08D97002C6BA1 /* Changelogs.txt in Resources */ = {isa = PBXBuildFile; fileRef = 67FA760413C08D97002C6BA1 /* Changelogs.txt */; };
		67FAFCF71400ECCB002C4B0B /* ModuleDetailViewController(iPhone).m in Sources */ = {isa = PBXBuildFile; fileRef = 67FAFCF51400ECCB002C4B0B /* ModuleDetailViewController(iPhone).m */; };
		67FAFCF81400ECCB002C4B0B /* ModuleDetailViewController(iPhone).xib in Resources */ = {isa = PBXBuildFile; fileRef = 67FAFCF61400ECCB002C4B0B /* ModuleDetailViewController(iPhone).xib */; };
		B00A2DF413D2DC0000EB062D /* MessageUI.framework in Frameworks */ = {isa = PBXBuildFile; fileRef = B00A2DF313D2DC0000EB062D /* MessageUI.framework */; };
		B01AC66A13F03128003F695A /* MainViewController(iPhone).xib in Resources */ = {isa = PBXBuildFile; fileRef = B01AC66913F03128003F695A /* MainViewController(iPhone).xib */; };
		B01AC67013F0DB34003F695A /* WeekViewController(iPhone).xib in Resources */ = {isa = PBXBuildFile; fileRef = B01AC66F13F0DB34003F695A /* WeekViewController(iPhone).xib */; };
		B05D5B6613FC0CA200319760 /* ClassView(iPhone).xib in Resources */ = {isa = PBXBuildFile; fileRef = B05D5B6513FC0CA200319760 /* ClassView(iPhone).xib */; };
		B05D5B7613FC0F4900319760 /* ModuleDetailFooterView.xib in Resources */ = {isa = PBXBuildFile; fileRef = B05D5B7213FC0F4900319760 /* ModuleDetailFooterView.xib */; };
		B05D5B7713FC0F4900319760 /* ModuleDetailViewController.m in Sources */ = {isa = PBXBuildFile; fileRef = B05D5B7413FC0F4900319760 /* ModuleDetailViewController.m */; };
		B05D5B7813FC0F4900319760 /* ModuleDetailViewController.xib in Resources */ = {isa = PBXBuildFile; fileRef = B05D5B7513FC0F4900319760 /* ModuleDetailViewController.xib */; };
		B0688AF313D2926E00817DB8 /* CirclePlus.png in Resources */ = {isa = PBXBuildFile; fileRef = B0688AF213D2926E00817DB8 /* CirclePlus.png */; };
		B0688AF713D2959200817DB8 /* AddCell.m in Sources */ = {isa = PBXBuildFile; fileRef = B0688AF613D2959200817DB8 /* AddCell.m */; };
		B06B594913CF41C5005614E6 /* ModuleCell.xib in Resources */ = {isa = PBXBuildFile; fileRef = B06B594813CF41C5005614E6 /* ModuleCell.xib */; };
		B06B594C13CF42EC005614E6 /* ModuleCell.m in Sources */ = {isa = PBXBuildFile; fileRef = B06B594B13CF42EC005614E6 /* ModuleCell.m */; };
		B082E5A513CC9436008BB446 /* UIColor+Random.m in Sources */ = {isa = PBXBuildFile; fileRef = B082E5A413CC9436008BB446 /* UIColor+Random.m */; };
		B082E5D613CC9824008BB446 /* NSManagedObjectContext+Fetch.m in Sources */ = {isa = PBXBuildFile; fileRef = B082E5D513CC9824008BB446 /* NSManagedObjectContext+Fetch.m */; };
		B09699A713D32EA100E878CB /* Icon.png in Resources */ = {isa = PBXBuildFile; fileRef = B09699A613D32EA100E878CB /* Icon.png */; };
		B09699AA13D32EB900E878CB /* Icon.png in Resources */ = {isa = PBXBuildFile; fileRef = B09699A913D32EB900E878CB /* Icon.png */; };
		B099DCDD13CDF7DD00AE9877 /* NSString+Time.m in Sources */ = {isa = PBXBuildFile; fileRef = B099DCDC13CDF7DD00AE9877 /* NSString+Time.m */; };
		B0C0D8D113CDCA6A007C7D69 /* TimetableController.m in Sources */ = {isa = PBXBuildFile; fileRef = B0C0D8CE13CDCA6A007C7D69 /* TimetableController.m */; };
		B0C0D8D213CDCA6A007C7D69 /* ModuleListViewController.m in Sources */ = {isa = PBXBuildFile; fileRef = B0C0D8D013CDCA6A007C7D69 /* ModuleListViewController.m */; };
		B0CD167A13D2861E009B4CB5 /* StartHere.png in Resources */ = {isa = PBXBuildFile; fileRef = B0CD167913D2861E009B4CB5 /* StartHere.png */; };
		B0D59C2D13BE9E55008785D5 /* README.rtf in Resources */ = {isa = PBXBuildFile; fileRef = B0D59C2C13BE9E54008785D5 /* README.rtf */; };
/* End PBXBuildFile section */

/* Begin PBXFileReference section */
		6713192E13D0008B00F29AF4 /* MilestoneViewController.h */ = {isa = PBXFileReference; fileEncoding = 4; lastKnownFileType = sourcecode.c.h; path = MilestoneViewController.h; sourceTree = "<group>"; };
		6713192F13D0008B00F29AF4 /* MilestoneViewController.m */ = {isa = PBXFileReference; fileEncoding = 4; lastKnownFileType = sourcecode.c.objc; path = MilestoneViewController.m; sourceTree = "<group>"; };
		6713193013D0008B00F29AF4 /* MilestoneViewController.xib */ = {isa = PBXFileReference; fileEncoding = 4; lastKnownFileType = file.xib; path = MilestoneViewController.xib; sourceTree = "<group>"; };
		6713193113D0008B00F29AF4 /* CategoryDetailViewController.h */ = {isa = PBXFileReference; fileEncoding = 4; lastKnownFileType = sourcecode.c.h; path = CategoryDetailViewController.h; sourceTree = "<group>"; };
		6713193213D0008B00F29AF4 /* CategoryDetailViewController.m */ = {isa = PBXFileReference; fileEncoding = 4; lastKnownFileType = sourcecode.c.objc; path = CategoryDetailViewController.m; sourceTree = "<group>"; };
		6713193313D0008B00F29AF4 /* CategoryDetailViewController.xib */ = {isa = PBXFileReference; fileEncoding = 4; lastKnownFileType = file.xib; path = CategoryDetailViewController.xib; sourceTree = "<group>"; };
		6713193413D0008B00F29AF4 /* AddCategoryViewController.h */ = {isa = PBXFileReference; fileEncoding = 4; lastKnownFileType = sourcecode.c.h; path = AddCategoryViewController.h; sourceTree = "<group>"; };
		6713193513D0008B00F29AF4 /* AddCategoryViewController.m */ = {isa = PBXFileReference; fileEncoding = 4; lastKnownFileType = sourcecode.c.objc; path = AddCategoryViewController.m; sourceTree = "<group>"; };
		6713193613D0008B00F29AF4 /* AddCategoryViewController.xib */ = {isa = PBXFileReference; fileEncoding = 4; lastKnownFileType = file.xib; path = AddCategoryViewController.xib; sourceTree = "<group>"; };
		6718248013BE1A0D00443C08 /* NUS Planner.app */ = {isa = PBXFileReference; explicitFileType = wrapper.application; includeInIndex = 0; path = "NUS Planner.app"; sourceTree = BUILT_PRODUCTS_DIR; };
		6718248413BE1A0D00443C08 /* UIKit.framework */ = {isa = PBXFileReference; lastKnownFileType = wrapper.framework; name = UIKit.framework; path = System/Library/Frameworks/UIKit.framework; sourceTree = SDKROOT; };
		6718248613BE1A0D00443C08 /* Foundation.framework */ = {isa = PBXFileReference; lastKnownFileType = wrapper.framework; name = Foundation.framework; path = System/Library/Frameworks/Foundation.framework; sourceTree = SDKROOT; };
		6718248813BE1A0D00443C08 /* CoreGraphics.framework */ = {isa = PBXFileReference; lastKnownFileType = wrapper.framework; name = CoreGraphics.framework; path = System/Library/Frameworks/CoreGraphics.framework; sourceTree = SDKROOT; };
		6718248C13BE1A0D00443C08 /* NUS Mod-Info.plist */ = {isa = PBXFileReference; lastKnownFileType = text.plist.xml; path = "NUS Mod-Info.plist"; sourceTree = "<group>"; };
		6718248E13BE1A0D00443C08 /* en */ = {isa = PBXFileReference; lastKnownFileType = text.plist.strings; name = en; path = en.lproj/InfoPlist.strings; sourceTree = "<group>"; };
		6718249013BE1A0D00443C08 /* main.m */ = {isa = PBXFileReference; lastKnownFileType = sourcecode.c.objc; path = main.m; sourceTree = "<group>"; };
		6718249213BE1A0D00443C08 /* NUS Mod-Prefix.pch */ = {isa = PBXFileReference; lastKnownFileType = sourcecode.c.h; path = "NUS Mod-Prefix.pch"; sourceTree = "<group>"; };
		671824A213BE1AC700443C08 /* AccountManager.h */ = {isa = PBXFileReference; fileEncoding = 4; lastKnownFileType = sourcecode.c.h; path = AccountManager.h; sourceTree = "<group>"; };
		671824A313BE1AC700443C08 /* AccountManager.m */ = {isa = PBXFileReference; fileEncoding = 4; lastKnownFileType = sourcecode.c.objc; path = AccountManager.m; sourceTree = "<group>"; };
		6758102613D0136300EA6969 /* LoginViewController.h */ = {isa = PBXFileReference; fileEncoding = 4; lastKnownFileType = sourcecode.c.h; path = LoginViewController.h; sourceTree = "<group>"; };
		6758102713D0136300EA6969 /* LoginViewController.m */ = {isa = PBXFileReference; fileEncoding = 4; lastKnownFileType = sourcecode.c.objc; path = LoginViewController.m; sourceTree = "<group>"; };
		6758102B13D01C3A00EA6969 /* LoginViewController.xib */ = {isa = PBXFileReference; fileEncoding = 4; lastKnownFileType = file.xib; path = LoginViewController.xib; sourceTree = "<group>"; };
		6758103413D024CF00EA6969 /* Keyword.h */ = {isa = PBXFileReference; fileEncoding = 4; lastKnownFileType = sourcecode.c.h; path = Keyword.h; sourceTree = "<group>"; };
		6758103513D024CF00EA6969 /* Keyword.m */ = {isa = PBXFileReference; fileEncoding = 4; lastKnownFileType = sourcecode.c.objc; path = Keyword.m; sourceTree = "<group>"; };
		6758103713D024D000EA6969 /* Timetable.h */ = {isa = PBXFileReference; fileEncoding = 4; lastKnownFileType = sourcecode.c.h; path = Timetable.h; sourceTree = "<group>"; };
		6758103813D024D000EA6969 /* Timetable.m */ = {isa = PBXFileReference; fileEncoding = 4; lastKnownFileType = sourcecode.c.objc; path = Timetable.m; sourceTree = "<group>"; };
		6758104313D024D000EA6969 /* DescriptionWords.h */ = {isa = PBXFileReference; fileEncoding = 4; lastKnownFileType = sourcecode.c.h; path = DescriptionWords.h; sourceTree = "<group>"; };
		6758104413D024D000EA6969 /* DescriptionWords.m */ = {isa = PBXFileReference; fileEncoding = 4; lastKnownFileType = sourcecode.c.objc; path = DescriptionWords.m; sourceTree = "<group>"; };
		6758104613D024D100EA6969 /* ModuleClass.h */ = {isa = PBXFileReference; fileEncoding = 4; lastKnownFileType = sourcecode.c.h; path = ModuleClass.h; sourceTree = "<group>"; };
		6758104713D024D100EA6969 /* ModuleClass.m */ = {isa = PBXFileReference; fileEncoding = 4; lastKnownFileType = sourcecode.c.objc; path = ModuleClass.m; sourceTree = "<group>"; };
		6758104913D024D100EA6969 /* CodeWords.h */ = {isa = PBXFileReference; fileEncoding = 4; lastKnownFileType = sourcecode.c.h; path = CodeWords.h; sourceTree = "<group>"; };
		6758104A13D024D100EA6969 /* CodeWords.m */ = {isa = PBXFileReference; fileEncoding = 4; lastKnownFileType = sourcecode.c.objc; path = CodeWords.m; sourceTree = "<group>"; };
		6758104C13D024D100EA6969 /* TitleWords.h */ = {isa = PBXFileReference; fileEncoding = 4; lastKnownFileType = sourcecode.c.h; path = TitleWords.h; sourceTree = "<group>"; };
		6758104D13D024D100EA6969 /* TitleWords.m */ = {isa = PBXFileReference; fileEncoding = 4; lastKnownFileType = sourcecode.c.objc; path = TitleWords.m; sourceTree = "<group>"; };
		6758104F13D024D100EA6969 /* ModuleClassDetail.h */ = {isa = PBXFileReference; fileEncoding = 4; lastKnownFileType = sourcecode.c.h; path = ModuleClassDetail.h; sourceTree = "<group>"; };
		6758105013D024D100EA6969 /* ModuleClassDetail.m */ = {isa = PBXFileReference; fileEncoding = 4; lastKnownFileType = sourcecode.c.objc; path = ModuleClassDetail.m; sourceTree = "<group>"; };
		6758105913D0416200EA6969 /* User.h */ = {isa = PBXFileReference; fileEncoding = 4; lastKnownFileType = sourcecode.c.h; path = User.h; sourceTree = "<group>"; };
		6758105A13D0416300EA6969 /* User.m */ = {isa = PBXFileReference; fileEncoding = 4; lastKnownFileType = sourcecode.c.objc; path = User.m; sourceTree = "<group>"; };
		6758105C13D0416400EA6969 /* AcademicPeriod.h */ = {isa = PBXFileReference; fileEncoding = 4; lastKnownFileType = sourcecode.c.h; path = AcademicPeriod.h; sourceTree = "<group>"; };
		6758105D13D0416400EA6969 /* AcademicPeriod.m */ = {isa = PBXFileReference; fileEncoding = 4; lastKnownFileType = sourcecode.c.objc; path = AcademicPeriod.m; sourceTree = "<group>"; };
		6758106713D0738500EA6969 /* AcademicProgressViewController.h */ = {isa = PBXFileReference; fileEncoding = 4; lastKnownFileType = sourcecode.c.h; path = AcademicProgressViewController.h; sourceTree = "<group>"; };
		6758106813D0738600EA6969 /* AcademicProgressViewController.m */ = {isa = PBXFileReference; fileEncoding = 4; lastKnownFileType = sourcecode.c.objc; path = AcademicProgressViewController.m; sourceTree = "<group>"; };
		6758106913D0738800EA6969 /* AcademicProgressViewController.xib */ = {isa = PBXFileReference; fileEncoding = 4; lastKnownFileType = file.xib; path = AcademicProgressViewController.xib; sourceTree = "<group>"; };
		6758107813D1381C00EA6969 /* Module.h */ = {isa = PBXFileReference; fileEncoding = 4; lastKnownFileType = sourcecode.c.h; path = Module.h; sourceTree = "<group>"; };
		6758107913D1381C00EA6969 /* Module.m */ = {isa = PBXFileReference; fileEncoding = 4; lastKnownFileType = sourcecode.c.objc; path = Module.m; sourceTree = "<group>"; };
		6758107B13D1381D00EA6969 /* Categories.h */ = {isa = PBXFileReference; fileEncoding = 4; lastKnownFileType = sourcecode.c.h; path = Categories.h; sourceTree = "<group>"; };
		6758107C13D1381E00EA6969 /* Categories.m */ = {isa = PBXFileReference; fileEncoding = 4; lastKnownFileType = sourcecode.c.objc; path = Categories.m; sourceTree = "<group>"; };
		6758107F13D13BA500EA6969 /* SearchViewController.h */ = {isa = PBXFileReference; fileEncoding = 4; lastKnownFileType = sourcecode.c.h; path = SearchViewController.h; sourceTree = "<group>"; };
		6758108013D13BA500EA6969 /* SearchViewController.m */ = {isa = PBXFileReference; fileEncoding = 4; lastKnownFileType = sourcecode.c.objc; path = SearchViewController.m; sourceTree = "<group>"; };
		6758108713D1443400EA6969 /* AddModuleViewController.h */ = {isa = PBXFileReference; fileEncoding = 4; lastKnownFileType = sourcecode.c.h; path = AddModuleViewController.h; sourceTree = "<group>"; };
		6758108813D1444100EA6969 /* AddModuleViewController.m */ = {isa = PBXFileReference; fileEncoding = 4; lastKnownFileType = sourcecode.c.objc; path = AddModuleViewController.m; sourceTree = "<group>"; };
		6758108913D1444300EA6969 /* AddModuleViewController.xib */ = {isa = PBXFileReference; fileEncoding = 4; lastKnownFileType = file.xib; path = AddModuleViewController.xib; sourceTree = "<group>"; };
		676736B51400EB1300CA4719 /* ModuleListViewController(iPhone).h */ = {isa = PBXFileReference; fileEncoding = 4; lastKnownFileType = sourcecode.c.h; path = "ModuleListViewController(iPhone).h"; sourceTree = "<group>"; };
		676736B61400EB1300CA4719 /* ModuleListViewController(iPhone).m */ = {isa = PBXFileReference; fileEncoding = 4; lastKnownFileType = sourcecode.c.objc; path = "ModuleListViewController(iPhone).m"; sourceTree = "<group>"; };
		676736B71400EB1300CA4719 /* ModuleListViewController(iPhone).xib */ = {isa = PBXFileReference; fileEncoding = 4; lastKnownFileType = file.xib; path = "ModuleListViewController(iPhone).xib"; sourceTree = "<group>"; };
		6772ED8413DC55D400DB129A /* NUS Mod.sqlite */ = {isa = PBXFileReference; lastKnownFileType = file; path = "NUS Mod.sqlite"; sourceTree = "<group>"; };
		677A3D4313C1914000A20041 /* ModuleManager.h */ = {isa = PBXFileReference; fileEncoding = 4; lastKnownFileType = sourcecode.c.h; path = ModuleManager.h; sourceTree = "<group>"; };
		677A3D4413C1914000A20041 /* ModuleManager.m */ = {isa = PBXFileReference; fileEncoding = 4; lastKnownFileType = sourcecode.c.objc; path = ModuleManager.m; sourceTree = "<group>"; };
		678536A513D20082003F753E /* SearchViewController.xib */ = {isa = PBXFileReference; fileEncoding = 4; lastKnownFileType = file.xib; path = SearchViewController.xib; sourceTree = "<group>"; };
		678536A713D2018F003F753E /* ClassView.h */ = {isa = PBXFileReference; fileEncoding = 4; lastKnownFileType = sourcecode.c.h; path = ClassView.h; sourceTree = "<group>"; };
		678536A813D2018F003F753E /* ClassView.m */ = {isa = PBXFileReference; fileEncoding = 4; lastKnownFileType = sourcecode.c.objc; path = ClassView.m; sourceTree = "<group>"; };
		678536A913D2018F003F753E /* ClassView.xib */ = {isa = PBXFileReference; fileEncoding = 4; lastKnownFileType = file.xib; path = ClassView.xib; sourceTree = "<group>"; };
		678536AE13D20290003F753E /* WeekViewController.h */ = {isa = PBXFileReference; fileEncoding = 4; lastKnownFileType = sourcecode.c.h; path = WeekViewController.h; sourceTree = "<group>"; };
		678536AF13D20290003F753E /* WeekViewController.m */ = {isa = PBXFileReference; fileEncoding = 4; lastKnownFileType = sourcecode.c.objc; path = WeekViewController.m; sourceTree = "<group>"; };
		678536B013D20290003F753E /* WeekViewController.xib */ = {isa = PBXFileReference; fileEncoding = 4; lastKnownFileType = file.xib; path = WeekViewController.xib; sourceTree = "<group>"; };
		678536B113D20290003F753E /* EventView.h */ = {isa = PBXFileReference; fileEncoding = 4; lastKnownFileType = sourcecode.c.h; path = EventView.h; sourceTree = "<group>"; };
		678536B213D20290003F753E /* EventView.m */ = {isa = PBXFileReference; fileEncoding = 4; lastKnownFileType = sourcecode.c.objc; path = EventView.m; sourceTree = "<group>"; };
		678536B313D20290003F753E /* ZSVerticalGridView.h */ = {isa = PBXFileReference; fileEncoding = 4; lastKnownFileType = sourcecode.c.h; path = ZSVerticalGridView.h; sourceTree = "<group>"; };
		678536B413D20290003F753E /* ZSVerticalGridView.m */ = {isa = PBXFileReference; fileEncoding = 4; lastKnownFileType = sourcecode.c.objc; path = ZSVerticalGridView.m; sourceTree = "<group>"; };
		678536B513D20290003F753E /* TimelineLabelView.h */ = {isa = PBXFileReference; fileEncoding = 4; lastKnownFileType = sourcecode.c.h; path = TimelineLabelView.h; sourceTree = "<group>"; };
		678536B613D20290003F753E /* TimelineLabelView.m */ = {isa = PBXFileReference; fileEncoding = 4; lastKnownFileType = sourcecode.c.objc; path = TimelineLabelView.m; sourceTree = "<group>"; };
		678536B713D20290003F753E /* ZSHorizontalGridView.h */ = {isa = PBXFileReference; fileEncoding = 4; lastKnownFileType = sourcecode.c.h; path = ZSHorizontalGridView.h; sourceTree = "<group>"; };
		678536B813D20290003F753E /* ZSHorizontalGridView.m */ = {isa = PBXFileReference; fileEncoding = 4; lastKnownFileType = sourcecode.c.objc; path = ZSHorizontalGridView.m; sourceTree = "<group>"; };
		678536C413D203E4003F753E /* NUS_ModAppDelegate.m */ = {isa = PBXFileReference; fileEncoding = 4; lastKnownFileType = sourcecode.c.objc; path = NUS_ModAppDelegate.m; sourceTree = "<group>"; };
		678536C613D2048C003F753E /* MainViewController.h */ = {isa = PBXFileReference; fileEncoding = 4; lastKnownFileType = sourcecode.c.h; path = MainViewController.h; sourceTree = "<group>"; };
		678536C713D2048C003F753E /* MainViewController.m */ = {isa = PBXFileReference; fileEncoding = 4; lastKnownFileType = sourcecode.c.objc; path = MainViewController.m; sourceTree = "<group>"; };
		678536C813D2048C003F753E /* MainViewController.xib */ = {isa = PBXFileReference; fileEncoding = 4; lastKnownFileType = file.xib; path = MainViewController.xib; sourceTree = "<group>"; };
		67FA75A313BF9B8E002C6BA1 /* NUS Mod.xcdatamodel */ = {isa = PBXFileReference; lastKnownFileType = wrapper.xcdatamodel; path = "NUS Mod.xcdatamodel"; sourceTree = "<group>"; };
		67FA75EE13C03F10002C6BA1 /* CoreData.framework */ = {isa = PBXFileReference; lastKnownFileType = wrapper.framework; name = CoreData.framework; path = System/Library/Frameworks/CoreData.framework; sourceTree = SDKROOT; };
		67FA760413C08D97002C6BA1 /* Changelogs.txt */ = {isa = PBXFileReference; fileEncoding = 4; lastKnownFileType = text; path = Changelogs.txt; sourceTree = SOURCE_ROOT; };
		67FAFCF41400ECCB002C4B0B /* ModuleDetailViewController(iPhone).h */ = {isa = PBXFileReference; fileEncoding = 4; lastKnownFileType = sourcecode.c.h; path = "ModuleDetailViewController(iPhone).h"; sourceTree = "<group>"; };
		67FAFCF51400ECCB002C4B0B /* ModuleDetailViewController(iPhone).m */ = {isa = PBXFileReference; fileEncoding = 4; lastKnownFileType = sourcecode.c.objc; path = "ModuleDetailViewController(iPhone).m"; sourceTree = "<group>"; };
		67FAFCF61400ECCB002C4B0B /* ModuleDetailViewController(iPhone).xib */ = {isa = PBXFileReference; fileEncoding = 4; lastKnownFileType = file.xib; path = "ModuleDetailViewController(iPhone).xib"; sourceTree = "<group>"; };
		B00A2DF313D2DC0000EB062D /* MessageUI.framework */ = {isa = PBXFileReference; lastKnownFileType = wrapper.framework; name = MessageUI.framework; path = System/Library/Frameworks/MessageUI.framework; sourceTree = SDKROOT; };
		B01AC66913F03128003F695A /* MainViewController(iPhone).xib */ = {isa = PBXFileReference; fileEncoding = 4; lastKnownFileType = file.xib; path = "MainViewController(iPhone).xib"; sourceTree = "<group>"; };
		B01AC66F13F0DB34003F695A /* WeekViewController(iPhone).xib */ = {isa = PBXFileReference; fileEncoding = 4; lastKnownFileType = file.xib; path = "WeekViewController(iPhone).xib"; sourceTree = "<group>"; };
		B05D5B6513FC0CA200319760 /* ClassView(iPhone).xib */ = {isa = PBXFileReference; fileEncoding = 4; lastKnownFileType = file.xib; path = "ClassView(iPhone).xib"; sourceTree = "<group>"; };
		B05D5B7213FC0F4900319760 /* ModuleDetailFooterView.xib */ = {isa = PBXFileReference; fileEncoding = 4; lastKnownFileType = file.xib; path = ModuleDetailFooterView.xib; sourceTree = "<group>"; };
		B05D5B7313FC0F4900319760 /* ModuleDetailViewController.h */ = {isa = PBXFileReference; fileEncoding = 4; lastKnownFileType = sourcecode.c.h; path = ModuleDetailViewController.h; sourceTree = "<group>"; };
		B05D5B7413FC0F4900319760 /* ModuleDetailViewController.m */ = {isa = PBXFileReference; fileEncoding = 4; lastKnownFileType = sourcecode.c.objc; path = ModuleDetailViewController.m; sourceTree = "<group>"; };
		B05D5B7513FC0F4900319760 /* ModuleDetailViewController.xib */ = {isa = PBXFileReference; fileEncoding = 4; lastKnownFileType = file.xib; path = ModuleDetailViewController.xib; sourceTree = "<group>"; };
		B0688AF213D2926E00817DB8 /* CirclePlus.png */ = {isa = PBXFileReference; lastKnownFileType = image.png; path = CirclePlus.png; sourceTree = "<group>"; };
		B0688AF513D2959200817DB8 /* AddCell.h */ = {isa = PBXFileReference; fileEncoding = 4; lastKnownFileType = sourcecode.c.h; path = AddCell.h; sourceTree = "<group>"; };
		B0688AF613D2959200817DB8 /* AddCell.m */ = {isa = PBXFileReference; fileEncoding = 4; lastKnownFileType = sourcecode.c.objc; path = AddCell.m; sourceTree = "<group>"; };
		B06B594813CF41C5005614E6 /* ModuleCell.xib */ = {isa = PBXFileReference; fileEncoding = 4; lastKnownFileType = file.xib; path = ModuleCell.xib; sourceTree = "<group>"; };
		B06B594A13CF42EC005614E6 /* ModuleCell.h */ = {isa = PBXFileReference; fileEncoding = 4; lastKnownFileType = sourcecode.c.h; path = ModuleCell.h; sourceTree = "<group>"; };
		B06B594B13CF42EC005614E6 /* ModuleCell.m */ = {isa = PBXFileReference; fileEncoding = 4; lastKnownFileType = sourcecode.c.objc; path = ModuleCell.m; sourceTree = "<group>"; };
		B082E59F13CC93FD008BB446 /* Constants.h */ = {isa = PBXFileReference; fileEncoding = 4; lastKnownFileType = sourcecode.c.h; path = Constants.h; sourceTree = "<group>"; };
		B082E5A313CC9436008BB446 /* UIColor+Random.h */ = {isa = PBXFileReference; fileEncoding = 4; lastKnownFileType = sourcecode.c.h; path = "UIColor+Random.h"; sourceTree = "<group>"; };
		B082E5A413CC9436008BB446 /* UIColor+Random.m */ = {isa = PBXFileReference; fileEncoding = 4; lastKnownFileType = sourcecode.c.objc; path = "UIColor+Random.m"; sourceTree = "<group>"; };
		B082E5D413CC9824008BB446 /* NSManagedObjectContext+Fetch.h */ = {isa = PBXFileReference; fileEncoding = 4; lastKnownFileType = sourcecode.c.h; path = "NSManagedObjectContext+Fetch.h"; sourceTree = "<group>"; };
		B082E5D513CC9824008BB446 /* NSManagedObjectContext+Fetch.m */ = {isa = PBXFileReference; fileEncoding = 4; lastKnownFileType = sourcecode.c.objc; path = "NSManagedObjectContext+Fetch.m"; sourceTree = "<group>"; };
		B09699A613D32EA100E878CB /* Icon.png */ = {isa = PBXFileReference; lastKnownFileType = image.png; path = Icon.png; sourceTree = "<group>"; };
		B09699A913D32EB900E878CB /* Icon.png */ = {isa = PBXFileReference; lastKnownFileType = image.png; path = Icon.png; sourceTree = "<group>"; };
		B099DCDB13CDF7DD00AE9877 /* NSString+Time.h */ = {isa = PBXFileReference; fileEncoding = 4; lastKnownFileType = sourcecode.c.h; path = "NSString+Time.h"; sourceTree = "<group>"; };
		B099DCDC13CDF7DD00AE9877 /* NSString+Time.m */ = {isa = PBXFileReference; fileEncoding = 4; lastKnownFileType = sourcecode.c.objc; path = "NSString+Time.m"; sourceTree = "<group>"; };
		B0C0D8CD13CDCA6A007C7D69 /* TimetableController.h */ = {isa = PBXFileReference; fileEncoding = 4; lastKnownFileType = sourcecode.c.h; path = TimetableController.h; sourceTree = "<group>"; };
		B0C0D8CE13CDCA6A007C7D69 /* TimetableController.m */ = {isa = PBXFileReference; fileEncoding = 4; lastKnownFileType = sourcecode.c.objc; path = TimetableController.m; sourceTree = "<group>"; };
		B0C0D8CF13CDCA6A007C7D69 /* ModuleListViewController.h */ = {isa = PBXFileReference; fileEncoding = 4; lastKnownFileType = sourcecode.c.h; path = ModuleListViewController.h; sourceTree = "<group>"; };
		B0C0D8D013CDCA6A007C7D69 /* ModuleListViewController.m */ = {isa = PBXFileReference; fileEncoding = 4; lastKnownFileType = sourcecode.c.objc; path = ModuleListViewController.m; sourceTree = "<group>"; };
		B0C0D8DD13CDCAF8007C7D69 /* NUS_ModAppDelegate.h */ = {isa = PBXFileReference; fileEncoding = 4; lastKnownFileType = sourcecode.c.h; path = NUS_ModAppDelegate.h; sourceTree = "<group>"; };
		B0CD167913D2861E009B4CB5 /* StartHere.png */ = {isa = PBXFileReference; lastKnownFileType = image.png; path = StartHere.png; sourceTree = "<group>"; };
		B0D59C2C13BE9E54008785D5 /* README.rtf */ = {isa = PBXFileReference; fileEncoding = 4; lastKnownFileType = text.rtf; path = README.rtf; sourceTree = "<group>"; };
/* End PBXFileReference section */

/* Begin PBXFrameworksBuildPhase section */
		6718247D13BE1A0D00443C08 /* Frameworks */ = {
			isa = PBXFrameworksBuildPhase;
			buildActionMask = 2147483647;
			files = (
				B00A2DF413D2DC0000EB062D /* MessageUI.framework in Frameworks */,
				67FA75EF13C03F10002C6BA1 /* CoreData.framework in Frameworks */,
				6718248513BE1A0D00443C08 /* UIKit.framework in Frameworks */,
				6718248713BE1A0D00443C08 /* Foundation.framework in Frameworks */,
				6718248913BE1A0D00443C08 /* CoreGraphics.framework in Frameworks */,
			);
			runOnlyForDeploymentPostprocessing = 0;
		};
/* End PBXFrameworksBuildPhase section */

/* Begin PBXGroup section */
		6713192413D0003000F29AF4 /* Milestone */ = {
			isa = PBXGroup;
			children = (
				6713192E13D0008B00F29AF4 /* MilestoneViewController.h */,
				6713192F13D0008B00F29AF4 /* MilestoneViewController.m */,
				6713193013D0008B00F29AF4 /* MilestoneViewController.xib */,
				6713193113D0008B00F29AF4 /* CategoryDetailViewController.h */,
				6713193213D0008B00F29AF4 /* CategoryDetailViewController.m */,
				6713193313D0008B00F29AF4 /* CategoryDetailViewController.xib */,
				6713193413D0008B00F29AF4 /* AddCategoryViewController.h */,
				6713193513D0008B00F29AF4 /* AddCategoryViewController.m */,
				6713193613D0008B00F29AF4 /* AddCategoryViewController.xib */,
				6758102613D0136300EA6969 /* LoginViewController.h */,
				6758102713D0136300EA6969 /* LoginViewController.m */,
				6758102B13D01C3A00EA6969 /* LoginViewController.xib */,
				6758106713D0738500EA6969 /* AcademicProgressViewController.h */,
				6758106813D0738600EA6969 /* AcademicProgressViewController.m */,
				6758106913D0738800EA6969 /* AcademicProgressViewController.xib */,
				6758108713D1443400EA6969 /* AddModuleViewController.h */,
				6758108813D1444100EA6969 /* AddModuleViewController.m */,
				6758108913D1444300EA6969 /* AddModuleViewController.xib */,
			);
			name = Milestone;
			sourceTree = "<group>";
		};
		6718247513BE1A0D00443C08 = {
			isa = PBXGroup;
			children = (
				B09699A913D32EB900E878CB /* Icon.png */,
				B082E59F13CC93FD008BB446 /* Constants.h */,
				B082E5A213CC9411008BB446 /* Categories */,
				B082E59E13CC93E0008BB446 /* UI */,
				6718248A13BE1A0D00443C08 /* NUS Mod */,
				6718248313BE1A0D00443C08 /* Frameworks */,
				6718248113BE1A0D00443C08 /* Products */,
			);
			sourceTree = "<group>";
		};
		6718248113BE1A0D00443C08 /* Products */ = {
			isa = PBXGroup;
			children = (
				6718248013BE1A0D00443C08 /* NUS Planner.app */,
			);
			name = Products;
			sourceTree = "<group>";
		};
		6718248313BE1A0D00443C08 /* Frameworks */ = {
			isa = PBXGroup;
			children = (
				B00A2DF313D2DC0000EB062D /* MessageUI.framework */,
				67FA75EE13C03F10002C6BA1 /* CoreData.framework */,
				6718248413BE1A0D00443C08 /* UIKit.framework */,
				6718248613BE1A0D00443C08 /* Foundation.framework */,
				6718248813BE1A0D00443C08 /* CoreGraphics.framework */,
			);
			name = Frameworks;
			sourceTree = "<group>";
		};
		6718248A13BE1A0D00443C08 /* NUS Mod */ = {
			isa = PBXGroup;
			children = (
				67FA760413C08D97002C6BA1 /* Changelogs.txt */,
				B0D59C2C13BE9E54008785D5 /* README.rtf */,
				677A3D4113C1912600A20041 /* Utility */,
				B0D59C2913BE9DF7008785D5 /* Models */,
				B0C0D8DD13CDCAF8007C7D69 /* NUS_ModAppDelegate.h */,
				678536C413D203E4003F753E /* NUS_ModAppDelegate.m */,
				6718248B13BE1A0D00443C08 /* Supporting Files */,
			);
			path = "NUS Mod";
			sourceTree = "<group>";
		};
		6718248B13BE1A0D00443C08 /* Supporting Files */ = {
			isa = PBXGroup;
			children = (
				6772ED8413DC55D400DB129A /* NUS Mod.sqlite */,
				B09699A613D32EA100E878CB /* Icon.png */,
				B0CD167813D28603009B4CB5 /* Artwork */,
				6718248C13BE1A0D00443C08 /* NUS Mod-Info.plist */,
				6718248D13BE1A0D00443C08 /* InfoPlist.strings */,
				6718249013BE1A0D00443C08 /* main.m */,
				6718249213BE1A0D00443C08 /* NUS Mod-Prefix.pch */,
			);
			name = "Supporting Files";
			sourceTree = "<group>";
		};
		6758105513D024DF00EA6969 /* Keyword */ = {
			isa = PBXGroup;
			children = (
				6758103413D024CF00EA6969 /* Keyword.h */,
				6758103513D024CF00EA6969 /* Keyword.m */,
				6758104313D024D000EA6969 /* DescriptionWords.h */,
				6758104413D024D000EA6969 /* DescriptionWords.m */,
				6758104913D024D100EA6969 /* CodeWords.h */,
				6758104A13D024D100EA6969 /* CodeWords.m */,
				6758104C13D024D100EA6969 /* TitleWords.h */,
				6758104D13D024D100EA6969 /* TitleWords.m */,
			);
			name = Keyword;
			sourceTree = "<group>";
		};
		677A3D4113C1912600A20041 /* Utility */ = {
			isa = PBXGroup;
			children = (
				677A3D4313C1914000A20041 /* ModuleManager.h */,
				677A3D4413C1914000A20041 /* ModuleManager.m */,
				671824A213BE1AC700443C08 /* AccountManager.h */,
				671824A313BE1AC700443C08 /* AccountManager.m */,
			);
			name = Utility;
			sourceTree = "<group>";
		};
		678536AC13D20252003F753E /* Building blocks */ = {
			isa = PBXGroup;
			children = (
				678536AE13D20290003F753E /* WeekViewController.h */,
				678536AF13D20290003F753E /* WeekViewController.m */,
				678536B013D20290003F753E /* WeekViewController.xib */,
				B01AC66F13F0DB34003F695A /* WeekViewController(iPhone).xib */,
				678536B113D20290003F753E /* EventView.h */,
				678536B213D20290003F753E /* EventView.m */,
				678536B313D20290003F753E /* ZSVerticalGridView.h */,
				678536B413D20290003F753E /* ZSVerticalGridView.m */,
				678536B513D20290003F753E /* TimelineLabelView.h */,
				678536B613D20290003F753E /* TimelineLabelView.m */,
				678536B713D20290003F753E /* ZSHorizontalGridView.h */,
				678536B813D20290003F753E /* ZSHorizontalGridView.m */,
			);
			name = "Building blocks";
			sourceTree = "<group>";
		};
		B0412EC613C05B2B0091C63E /* Main (Timetable) */ = {
			isa = PBXGroup;
			children = (
				678536C613D2048C003F753E /* MainViewController.h */,
				678536C713D2048C003F753E /* MainViewController.m */,
				678536C813D2048C003F753E /* MainViewController.xib */,
				B01AC66913F03128003F695A /* MainViewController(iPhone).xib */,
			);
			name = "Main (Timetable)";
			path = "NUS Mod";
			sourceTree = "<group>";
		};
		B05D5B7113FC0EF500319760 /* Module Detail */ = {
			isa = PBXGroup;
			children = (
				B05D5B7213FC0F4900319760 /* ModuleDetailFooterView.xib */,
				B05D5B7313FC0F4900319760 /* ModuleDetailViewController.h */,
				B05D5B7413FC0F4900319760 /* ModuleDetailViewController.m */,
				B05D5B7513FC0F4900319760 /* ModuleDetailViewController.xib */,
			);
			name = "Module Detail";
			sourceTree = "<group>";
		};
		B06B594613CF3E4A005614E6 /* Module List */ = {
			isa = PBXGroup;
			children = (
				B0C0D8CF13CDCA6A007C7D69 /* ModuleListViewController.h */,
				B0C0D8D013CDCA6A007C7D69 /* ModuleListViewController.m */,
				676736B51400EB1300CA4719 /* ModuleListViewController(iPhone).h */,
				676736B61400EB1300CA4719 /* ModuleListViewController(iPhone).m */,
				676736B71400EB1300CA4719 /* ModuleListViewController(iPhone).xib */,
				67FAFCF41400ECCB002C4B0B /* ModuleDetailViewController(iPhone).h */,
				67FAFCF51400ECCB002C4B0B /* ModuleDetailViewController(iPhone).m */,
				67FAFCF61400ECCB002C4B0B /* ModuleDetailViewController(iPhone).xib */,
				B06B594A13CF42EC005614E6 /* ModuleCell.h */,
				B06B594B13CF42EC005614E6 /* ModuleCell.m */,
				B0688AF513D2959200817DB8 /* AddCell.h */,
				B0688AF613D2959200817DB8 /* AddCell.m */,
				B06B594813CF41C5005614E6 /* ModuleCell.xib */,
			);
			name = "Module List";
			sourceTree = "<group>";
		};
		B082E59E13CC93E0008BB446 /* UI */ = {
			isa = PBXGroup;
			children = (
				B0412EC613C05B2B0091C63E /* Main (Timetable) */,
				6713192413D0003000F29AF4 /* Milestone */,
				B06B594613CF3E4A005614E6 /* Module List */,
				B082E5A113CC940F008BB446 /* Search */,
				B082E5A013CC940B008BB446 /* Timetable */,
			);
			name = UI;
			sourceTree = "<group>";
		};
		B082E5A013CC940B008BB446 /* Timetable */ = {
			isa = PBXGroup;
			children = (
				B05D5B7113FC0EF500319760 /* Module Detail */,
				B0C0D8CD13CDCA6A007C7D69 /* TimetableController.h */,
				B0C0D8CE13CDCA6A007C7D69 /* TimetableController.m */,
				B082E5B113CC946F008BB446 /* Views */,
				678536AC13D20252003F753E /* Building blocks */,
			);
			name = Timetable;
			sourceTree = "<group>";
		};
		B082E5A113CC940F008BB446 /* Search */ = {
			isa = PBXGroup;
			children = (
				6758107F13D13BA500EA6969 /* SearchViewController.h */,
				6758108013D13BA500EA6969 /* SearchViewController.m */,
				678536A513D20082003F753E /* SearchViewController.xib */,
			);
			name = Search;
			sourceTree = "<group>";
		};
		B082E5A213CC9411008BB446 /* Categories */ = {
			isa = PBXGroup;
			children = (
				B082E5A313CC9436008BB446 /* UIColor+Random.h */,
				B082E5A413CC9436008BB446 /* UIColor+Random.m */,
				B082E5D413CC9824008BB446 /* NSManagedObjectContext+Fetch.h */,
				B082E5D513CC9824008BB446 /* NSManagedObjectContext+Fetch.m */,
				B099DCDB13CDF7DD00AE9877 /* NSString+Time.h */,
				B099DCDC13CDF7DD00AE9877 /* NSString+Time.m */,
			);
			name = Categories;
			sourceTree = "<group>";
		};
		B082E5B113CC946F008BB446 /* Views */ = {
			isa = PBXGroup;
			children = (
				678536A713D2018F003F753E /* ClassView.h */,
				678536A813D2018F003F753E /* ClassView.m */,
				B05D5B6513FC0CA200319760 /* ClassView(iPhone).xib */,
				678536A913D2018F003F753E /* ClassView.xib */,
			);
			name = Views;
			sourceTree = "<group>";
		};
		B0CD167813D28603009B4CB5 /* Artwork */ = {
			isa = PBXGroup;
			children = (
				B0688AF213D2926E00817DB8 /* CirclePlus.png */,
				B0CD167913D2861E009B4CB5 /* StartHere.png */,
			);
			name = Artwork;
			sourceTree = "<group>";
		};
		B0D59C2913BE9DF7008785D5 /* Models */ = {
			isa = PBXGroup;
			children = (
				6758105513D024DF00EA6969 /* Keyword */,
				67FA75A213BF9B8E002C6BA1 /* NUS Mod.xcdatamodeld */,
				6758103713D024D000EA6969 /* Timetable.h */,
				6758103813D024D000EA6969 /* Timetable.m */,
				6758104613D024D100EA6969 /* ModuleClass.h */,
				6758104713D024D100EA6969 /* ModuleClass.m */,
				6758104F13D024D100EA6969 /* ModuleClassDetail.h */,
				6758105013D024D100EA6969 /* ModuleClassDetail.m */,
				6758105913D0416200EA6969 /* User.h */,
				6758105A13D0416300EA6969 /* User.m */,
				6758105C13D0416400EA6969 /* AcademicPeriod.h */,
				6758105D13D0416400EA6969 /* AcademicPeriod.m */,
				6758107813D1381C00EA6969 /* Module.h */,
				6758107913D1381C00EA6969 /* Module.m */,
				6758107B13D1381D00EA6969 /* Categories.h */,
				6758107C13D1381E00EA6969 /* Categories.m */,
			);
			name = Models;
			sourceTree = "<group>";
		};
/* End PBXGroup section */

/* Begin PBXNativeTarget section */
		6718247F13BE1A0D00443C08 /* NUS Mod */ = {
			isa = PBXNativeTarget;
			buildConfigurationList = 6718249F13BE1A0E00443C08 /* Build configuration list for PBXNativeTarget "NUS Mod" */;
			buildPhases = (
				6718247C13BE1A0D00443C08 /* Sources */,
				6718247D13BE1A0D00443C08 /* Frameworks */,
				6718247E13BE1A0D00443C08 /* Resources */,
			);
			buildRules = (
			);
			dependencies = (
			);
			name = "NUS Mod";
			productName = "NUS Mod";
			productReference = 6718248013BE1A0D00443C08 /* NUS Planner.app */;
			productType = "com.apple.product-type.application";
		};
/* End PBXNativeTarget section */

/* Begin PBXProject section */
		6718247713BE1A0D00443C08 /* Project object */ = {
			isa = PBXProject;
			attributes = {
				LastUpgradeCheck = 0420;
				ORGANIZATIONNAME = NUS;
			};
			buildConfigurationList = 6718247A13BE1A0D00443C08 /* Build configuration list for PBXProject "NUS Mod" */;
			compatibilityVersion = "Xcode 3.2";
			developmentRegion = English;
			hasScannedForEncodings = 0;
			knownRegions = (
				en,
			);
			mainGroup = 6718247513BE1A0D00443C08;
			productRefGroup = 6718248113BE1A0D00443C08 /* Products */;
			projectDirPath = "";
			projectRoot = "";
			targets = (
				6718247F13BE1A0D00443C08 /* NUS Mod */,
			);
		};
/* End PBXProject section */

/* Begin PBXResourcesBuildPhase section */
		6718247E13BE1A0D00443C08 /* Resources */ = {
			isa = PBXResourcesBuildPhase;
			buildActionMask = 2147483647;
			files = (
				6718248F13BE1A0D00443C08 /* InfoPlist.strings in Resources */,
				B0D59C2D13BE9E55008785D5 /* README.rtf in Resources */,
				67FA760513C08D97002C6BA1 /* Changelogs.txt in Resources */,
				B06B594913CF41C5005614E6 /* ModuleCell.xib in Resources */,
				6713193813D0008B00F29AF4 /* MilestoneViewController.xib in Resources */,
				6713193A13D0008B00F29AF4 /* CategoryDetailViewController.xib in Resources */,
				6713193C13D0008B00F29AF4 /* AddCategoryViewController.xib in Resources */,
				6758102C13D01C3A00EA6969 /* LoginViewController.xib in Resources */,
				6758106B13D0738900EA6969 /* AcademicProgressViewController.xib in Resources */,
				6758108B13D1446200EA6969 /* AddModuleViewController.xib in Resources */,
				678536A613D20082003F753E /* SearchViewController.xib in Resources */,
				678536AB13D2018F003F753E /* ClassView.xib in Resources */,
				678536BA13D20290003F753E /* WeekViewController.xib in Resources */,
				678536CA13D2048C003F753E /* MainViewController.xib in Resources */,
				B0CD167A13D2861E009B4CB5 /* StartHere.png in Resources */,
				B0688AF313D2926E00817DB8 /* CirclePlus.png in Resources */,
				B09699A713D32EA100E878CB /* Icon.png in Resources */,
				B09699AA13D32EB900E878CB /* Icon.png in Resources */,
				6772ED8513DC55D400DB129A /* NUS Mod.sqlite in Resources */,
				B01AC66A13F03128003F695A /* MainViewController(iPhone).xib in Resources */,
				B01AC67013F0DB34003F695A /* WeekViewController(iPhone).xib in Resources */,
				B05D5B6613FC0CA200319760 /* ClassView(iPhone).xib in Resources */,
				B05D5B7613FC0F4900319760 /* ModuleDetailFooterView.xib in Resources */,
				B05D5B7813FC0F4900319760 /* ModuleDetailViewController.xib in Resources */,
				676736B91400EB1300CA4719 /* ModuleListViewController(iPhone).xib in Resources */,
				67FAFCF81400ECCB002C4B0B /* ModuleDetailViewController(iPhone).xib in Resources */,
			);
			runOnlyForDeploymentPostprocessing = 0;
		};
/* End PBXResourcesBuildPhase section */

/* Begin PBXSourcesBuildPhase section */
		6718247C13BE1A0D00443C08 /* Sources */ = {
			isa = PBXSourcesBuildPhase;
			buildActionMask = 2147483647;
			files = (
				6718249113BE1A0D00443C08 /* main.m in Sources */,
				671824A413BE1AC700443C08 /* AccountManager.m in Sources */,
				67FA75A413BF9B8E002C6BA1 /* NUS Mod.xcdatamodeld in Sources */,
				677A3D4513C1914000A20041 /* ModuleManager.m in Sources */,
				B082E5A513CC9436008BB446 /* UIColor+Random.m in Sources */,
				B082E5D613CC9824008BB446 /* NSManagedObjectContext+Fetch.m in Sources */,
				B0C0D8D113CDCA6A007C7D69 /* TimetableController.m in Sources */,
				B0C0D8D213CDCA6A007C7D69 /* ModuleListViewController.m in Sources */,
				B099DCDD13CDF7DD00AE9877 /* NSString+Time.m in Sources */,
				B06B594C13CF42EC005614E6 /* ModuleCell.m in Sources */,
				6713193713D0008B00F29AF4 /* MilestoneViewController.m in Sources */,
				6713193913D0008B00F29AF4 /* CategoryDetailViewController.m in Sources */,
				6713193B13D0008B00F29AF4 /* AddCategoryViewController.m in Sources */,
				6758102913D0136300EA6969 /* LoginViewController.m in Sources */,
				6758103613D024CF00EA6969 /* Keyword.m in Sources */,
				6758103913D024D000EA6969 /* Timetable.m in Sources */,
				6758104513D024D000EA6969 /* DescriptionWords.m in Sources */,
				6758104813D024D100EA6969 /* ModuleClass.m in Sources */,
				6758104B13D024D100EA6969 /* CodeWords.m in Sources */,
				6758104E13D024D100EA6969 /* TitleWords.m in Sources */,
				6758105113D024D100EA6969 /* ModuleClassDetail.m in Sources */,
				6758105B13D0416300EA6969 /* User.m in Sources */,
				6758105E13D0416500EA6969 /* AcademicPeriod.m in Sources */,
				6758106A13D0738900EA6969 /* AcademicProgressViewController.m in Sources */,
				6758107A13D1381D00EA6969 /* Module.m in Sources */,
				6758107D13D1381E00EA6969 /* Categories.m in Sources */,
				6758108113D13BA500EA6969 /* SearchViewController.m in Sources */,
				6758108A13D1446200EA6969 /* AddModuleViewController.m in Sources */,
				678536AA13D2018F003F753E /* ClassView.m in Sources */,
				678536B913D20290003F753E /* WeekViewController.m in Sources */,
				678536BB13D20290003F753E /* EventView.m in Sources */,
				678536BC13D20290003F753E /* ZSVerticalGridView.m in Sources */,
				678536BD13D20290003F753E /* TimelineLabelView.m in Sources */,
				678536BE13D20290003F753E /* ZSHorizontalGridView.m in Sources */,
				678536C513D203E4003F753E /* NUS_ModAppDelegate.m in Sources */,
				678536C913D2048C003F753E /* MainViewController.m in Sources */,
				B0688AF713D2959200817DB8 /* AddCell.m in Sources */,
				B05D5B7713FC0F4900319760 /* ModuleDetailViewController.m in Sources */,
				676736B81400EB1300CA4719 /* ModuleListViewController(iPhone).m in Sources */,
				67FAFCF71400ECCB002C4B0B /* ModuleDetailViewController(iPhone).m in Sources */,
			);
			runOnlyForDeploymentPostprocessing = 0;
		};
/* End PBXSourcesBuildPhase section */

/* Begin PBXVariantGroup section */
		6718248D13BE1A0D00443C08 /* InfoPlist.strings */ = {
			isa = PBXVariantGroup;
			children = (
				6718248E13BE1A0D00443C08 /* en */,
			);
			name = InfoPlist.strings;
			sourceTree = "<group>";
		};
/* End PBXVariantGroup section */

/* Begin XCBuildConfiguration section */
		6718249D13BE1A0E00443C08 /* Debug */ = {
			isa = XCBuildConfiguration;
			buildSettings = {
				ALWAYS_SEARCH_USER_PATHS = NO;
				ARCHS = "$(ARCHS_STANDARD_32_BIT)";
				CLANG_ENABLE_OBJC_ARC = YES;
				"CODE_SIGN_IDENTITY[sdk=iphoneos*]" = "iPhone Developer";
				COPY_PHASE_STRIP = NO;
				GCC_C_LANGUAGE_STANDARD = gnu99;
				GCC_DYNAMIC_NO_PIC = NO;
				GCC_OPTIMIZATION_LEVEL = 0;
				GCC_PREPROCESSOR_DEFINITIONS = (
					"DEBUG=1",
					"$(inherited)",
				);
				GCC_SYMBOLS_PRIVATE_EXTERN = NO;
				GCC_VERSION = com.apple.compilers.llvm.clang.1_0;
				GCC_WARN_ABOUT_MISSING_PROTOTYPES = YES;
				GCC_WARN_ABOUT_RETURN_TYPE = YES;
				GCC_WARN_UNUSED_VARIABLE = YES;
				IPHONEOS_DEPLOYMENT_TARGET = 5.0;
				OTHER_LDFLAGS = (
					"-all_load",
					"-ObjC",
				);
				SDKROOT = iphoneos;
				TARGETED_DEVICE_FAMILY = "1,2";
			};
			name = Debug;
		};
		6718249E13BE1A0E00443C08 /* Release */ = {
			isa = XCBuildConfiguration;
			buildSettings = {
				ALWAYS_SEARCH_USER_PATHS = NO;
				ARCHS = "$(ARCHS_STANDARD_32_BIT)";
				CLANG_ENABLE_OBJC_ARC = YES;
				"CODE_SIGN_IDENTITY[sdk=iphoneos*]" = "iPhone Developer";
				COPY_PHASE_STRIP = YES;
				GCC_C_LANGUAGE_STANDARD = gnu99;
				GCC_VERSION = com.apple.compilers.llvm.clang.1_0;
				GCC_WARN_ABOUT_MISSING_PROTOTYPES = YES;
				GCC_WARN_ABOUT_RETURN_TYPE = YES;
				GCC_WARN_UNUSED_VARIABLE = YES;
				IPHONEOS_DEPLOYMENT_TARGET = 5.0;
				OTHER_CFLAGS = "-DNS_BLOCK_ASSERTIONS=1";
				OTHER_LDFLAGS = (
					"-all_load",
					"-ObjC",
				);
				SDKROOT = iphoneos;
				TARGETED_DEVICE_FAMILY = "1,2";
				VALIDATE_PRODUCT = YES;
			};
			name = Release;
		};
		671824A013BE1A0E00443C08 /* Debug */ = {
			isa = XCBuildConfiguration;
			buildSettings = {
				CLANG_ARC_MIGRATION = donothing;
				GCC_PRECOMPILE_PREFIX_HEADER = YES;
				GCC_PREFIX_HEADER = "NUS Mod/NUS Mod-Prefix.pch";
				INFOPLIST_FILE = "NUS Mod/NUS Mod-Info.plist";
				IPHONEOS_DEPLOYMENT_TARGET = 5.0;
				PRODUCT_NAME = "NUS Planner";
				TARGETED_DEVICE_FAMILY = "1,2";
				WRAPPER_EXTENSION = app;
			};
			name = Debug;
		};
		671824A113BE1A0E00443C08 /* Release */ = {
			isa = XCBuildConfiguration;
			buildSettings = {
				CLANG_ARC_MIGRATION = donothing;
				GCC_PRECOMPILE_PREFIX_HEADER = YES;
				GCC_PREFIX_HEADER = "NUS Mod/NUS Mod-Prefix.pch";
				INFOPLIST_FILE = "NUS Mod/NUS Mod-Info.plist";
				IPHONEOS_DEPLOYMENT_TARGET = 5.0;
				PRODUCT_NAME = "NUS Planner";
				TARGETED_DEVICE_FAMILY = "1,2";
				WRAPPER_EXTENSION = app;
			};
			name = Release;
		};
/* End XCBuildConfiguration section */

/* Begin XCConfigurationList section */
		6718247A13BE1A0D00443C08 /* Build configuration list for PBXProject "NUS Mod" */ = {
			isa = XCConfigurationList;
			buildConfigurations = (
				6718249D13BE1A0E00443C08 /* Debug */,
				6718249E13BE1A0E00443C08 /* Release */,
			);
			defaultConfigurationIsVisible = 0;
			defaultConfigurationName = Release;
		};
		6718249F13BE1A0E00443C08 /* Build configuration list for PBXNativeTarget "NUS Mod" */ = {
			isa = XCConfigurationList;
			buildConfigurations = (
				671824A013BE1A0E00443C08 /* Debug */,
				671824A113BE1A0E00443C08 /* Release */,
			);
			defaultConfigurationIsVisible = 0;
			defaultConfigurationName = Release;
		};
/* End XCConfigurationList section */

/* Begin XCVersionGroup section */
		67FA75A213BF9B8E002C6BA1 /* NUS Mod.xcdatamodeld */ = {
			isa = XCVersionGroup;
			children = (
				67FA75A313BF9B8E002C6BA1 /* NUS Mod.xcdatamodel */,
			);
			currentVersion = 67FA75A313BF9B8E002C6BA1 /* NUS Mod.xcdatamodel */;
			path = "NUS Mod.xcdatamodeld";
			sourceTree = SOURCE_ROOT;
			versionGroupType = wrapper.xcdatamodel;
		};
/* End XCVersionGroup section */
	};
	rootObject = 6718247713BE1A0D00443C08 /* Project object */;
}
